// !$*UTF8*$!
{
	archiveVersion = 1;
	classes = {
	};
	objectVersion = 77;
	objects = {

/* Begin PBXBuildFile section */
		695CA64C2F4064CB00C0A7E0 /* Lottie in Frameworks */ = {isa = PBXBuildFile; productRef = 695CA64B2F4064CB00C0A7E0 /* Lottie */; };
		6984DCA62F3A96E1002D0C7D /* GoogleSignIn in Frameworks */ = {isa = PBXBuildFile; productRef = 6984DCA52F3A96E1002D0C7D /* GoogleSignIn */; };
		6984DCA82F3A96E1002D0C7D /* GoogleSignInSwift in Frameworks */ = {isa = PBXBuildFile; productRef = 6984DCA72F3A96E1002D0C7D /* GoogleSignInSwift */; };
		6984DCAB2F3A9711002D0C7D /* FirebaseAI in Frameworks */ = {isa = PBXBuildFile; productRef = 6984DCAA2F3A9711002D0C7D /* FirebaseAI */; };
		6984DCAD2F3A9711002D0C7D /* FirebaseAnalytics in Frameworks */ = {isa = PBXBuildFile; productRef = 6984DCAC2F3A9711002D0C7D /* FirebaseAnalytics */; };
		6984DCAF2F3A9711002D0C7D /* FirebaseAuth in Frameworks */ = {isa = PBXBuildFile; productRef = 6984DCAE2F3A9711002D0C7D /* FirebaseAuth */; };
		6984DCB12F3A9711002D0C7D /* FirebaseCore in Frameworks */ = {isa = PBXBuildFile; productRef = 6984DCB02F3A9711002D0C7D /* FirebaseCore */; };
		6984DCB32F3A9711002D0C7D /* FirebaseCrashlytics in Frameworks */ = {isa = PBXBuildFile; productRef = 6984DCB22F3A9711002D0C7D /* FirebaseCrashlytics */; };
		6984DCB52F3A9711002D0C7D /* FirebaseDatabase in Frameworks */ = {isa = PBXBuildFile; productRef = 6984DCB42F3A9711002D0C7D /* FirebaseDatabase */; };
		6984DCB72F3A9711002D0C7D /* FirebaseFirestore in Frameworks */ = {isa = PBXBuildFile; productRef = 6984DCB62F3A9711002D0C7D /* FirebaseFirestore */; };
		6984DCB92F3A9711002D0C7D /* FirebaseStorage in Frameworks */ = {isa = PBXBuildFile; productRef = 6984DCB82F3A9711002D0C7D /* FirebaseStorage */; };
/* End PBXBuildFile section */

/* Begin PBXFileReference section */
		699558822F2104450079D030 /* Forma.app */ = {isa = PBXFileReference; explicitFileType = wrapper.application; includeInIndex = 0; path = Forma.app; sourceTree = BUILT_PRODUCTS_DIR; };
/* End PBXFileReference section */

/* Begin PBXFileSystemSynchronizedBuildFileExceptionSet section */
		699558942F2104470079D030 /* Exceptions for "Forma" folder in "Forma" target */ = {
			isa = PBXFileSystemSynchronizedBuildFileExceptionSet;
			membershipExceptions = (
				Info.plist,
			);
			target = 699558812F2104450079D030 /* Forma */;
		};
/* End PBXFileSystemSynchronizedBuildFileExceptionSet section */

/* Begin PBXFileSystemSynchronizedRootGroup section */
		699558842F2104450079D030 /* Forma */ = {
			isa = PBXFileSystemSynchronizedRootGroup;
			exceptions = (
				699558942F2104470079D030 /* Exceptions for "Forma" folder in "Forma" target */,
			);
			path = Forma;
			sourceTree = "<group>";
		};
/* End PBXFileSystemSynchronizedRootGroup section */

/* Begin PBXFrameworksBuildPhase section */
		6995587F2F2104450079D030 /* Frameworks */ = {
			isa = PBXFrameworksBuildPhase;
			buildActionMask = 2147483647;
			files = (
				6984DCA62F3A96E1002D0C7D /* GoogleSignIn in Frameworks */,
				6984DCAF2F3A9711002D0C7D /* FirebaseAuth in Frameworks */,
				6984DCA82F3A96E1002D0C7D /* GoogleSignInSwift in Frameworks */,
				6984DCB92F3A9711002D0C7D /* FirebaseStorage in Frameworks */,
				6984DCB32F3A9711002D0C7D /* FirebaseCrashlytics in Frameworks */,
				6984DCAD2F3A9711002D0C7D /* FirebaseAnalytics in Frameworks */,
				695CA64C2F4064CB00C0A7E0 /* Lottie in Frameworks */,
				6984DCB72F3A9711002D0C7D /* FirebaseFirestore in Frameworks */,
				6984DCB12F3A9711002D0C7D /* FirebaseCore in Frameworks */,
				6984DCB52F3A9711002D0C7D /* FirebaseDatabase in Frameworks */,
				6984DCAB2F3A9711002D0C7D /* FirebaseAI in Frameworks */,
			);
			runOnlyForDeploymentPostprocessing = 0;
		};
/* End PBXFrameworksBuildPhase section */

/* Begin PBXGroup section */
		699558792F2104450079D030 = {
			isa = PBXGroup;
			children = (
				699558842F2104450079D030 /* Forma */,
				699558832F2104450079D030 /* Products */,
			);
			sourceTree = "<group>";
		};
		699558832F2104450079D030 /* Products */ = {
			isa = PBXGroup;
			children = (
				699558822F2104450079D030 /* Forma.app */,
			);
			name = Products;
			sourceTree = "<group>";
		};
/* End PBXGroup section */

/* Begin PBXNativeTarget section */
		699558812F2104450079D030 /* Forma */ = {
			isa = PBXNativeTarget;
			buildConfigurationList = 699558952F2104470079D030 /* Build configuration list for PBXNativeTarget "Forma" */;
			buildPhases = (
				6995587E2F2104450079D030 /* Sources */,
				6995587F2F2104450079D030 /* Frameworks */,
				699558802F2104450079D030 /* Resources */,
			);
			buildRules = (
			);
			dependencies = (
			);
			fileSystemSynchronizedGroups = (
				699558842F2104450079D030 /* Forma */,
			);
			name = Forma;
			packageProductDependencies = (
				6984DCA52F3A96E1002D0C7D /* GoogleSignIn */,
				6984DCA72F3A96E1002D0C7D /* GoogleSignInSwift */,
				6984DCAA2F3A9711002D0C7D /* FirebaseAI */,
				6984DCAC2F3A9711002D0C7D /* FirebaseAnalytics */,
				6984DCAE2F3A9711002D0C7D /* FirebaseAuth */,
				6984DCB02F3A9711002D0C7D /* FirebaseCore */,
				6984DCB22F3A9711002D0C7D /* FirebaseCrashlytics */,
				6984DCB42F3A9711002D0C7D /* FirebaseDatabase */,
				6984DCB62F3A9711002D0C7D /* FirebaseFirestore */,
				6984DCB82F3A9711002D0C7D /* FirebaseStorage */,
				695CA64B2F4064CB00C0A7E0 /* Lottie */,
			);
			productName = Forma;
			productReference = 699558822F2104450079D030 /* Forma.app */;
			productType = "com.apple.product-type.application";
		};
/* End PBXNativeTarget section */

/* Begin PBXProject section */
		6995587A2F2104450079D030 /* Project object */ = {
			isa = PBXProject;
			attributes = {
				BuildIndependentTargetsInParallel = 1;
				LastSwiftUpdateCheck = 1640;
				LastUpgradeCheck = 1640;
				TargetAttributes = {
					699558812F2104450079D030 = {
						CreatedOnToolsVersion = 16.4;
					};
				};
			};
			buildConfigurationList = 6995587D2F2104450079D030 /* Build configuration list for PBXProject "Forma" */;
			developmentRegion = en;
			hasScannedForEncodings = 0;
			knownRegions = (
				en,
				Base,
			);
			mainGroup = 699558792F2104450079D030;
			minimizedProjectReferenceProxies = 1;
			packageReferences = (
				6984DCA42F3A96E1002D0C7D /* XCRemoteSwiftPackageReference "GoogleSignIn-iOS" */,
				6984DCA92F3A9711002D0C7D /* XCRemoteSwiftPackageReference "firebase-ios-sdk" */,
				695CA64A2F4064CB00C0A7E0 /* XCRemoteSwiftPackageReference "lottie-ios" */,
			);
			preferredProjectObjectVersion = 77;
			productRefGroup = 699558832F2104450079D030 /* Products */;
			projectDirPath = "";
			projectRoot = "";
			targets = (
				699558812F2104450079D030 /* Forma */,
			);
		};
/* End PBXProject section */

/* Begin PBXResourcesBuildPhase section */
		699558802F2104450079D030 /* Resources */ = {
			isa = PBXResourcesBuildPhase;
			buildActionMask = 2147483647;
			files = (
			);
			runOnlyForDeploymentPostprocessing = 0;
		};
/* End PBXResourcesBuildPhase section */

/* Begin PBXSourcesBuildPhase section */
		6995587E2F2104450079D030 /* Sources */ = {
			isa = PBXSourcesBuildPhase;
			buildActionMask = 2147483647;
			files = (
			);
			runOnlyForDeploymentPostprocessing = 0;
		};
/* End PBXSourcesBuildPhase section */

/* Begin XCBuildConfiguration section */
		699558962F2104470079D030 /* Debug */ = {
			isa = XCBuildConfiguration;
			buildSettings = {
				ASSETCATALOG_COMPILER_APPICON_NAME = AppIcon;
				ASSETCATALOG_COMPILER_GLOBAL_ACCENT_COLOR_NAME = AccentColor;
				CODE_SIGN_STYLE = Automatic;
				CURRENT_PROJECT_VERSION = 1;
				DEVELOPMENT_TEAM = 22TLGNX39J;
				GENERATE_INFOPLIST_FILE = YES;
				INFOPLIST_FILE = Forma/Info.plist;
				INFOPLIST_KEY_CFBundleDisplayName = Forma;
				INFOPLIST_KEY_LSApplicationCategoryType = "public.app-category.productivity";
				INFOPLIST_KEY_UIApplicationSupportsIndirectInputEvents = YES;
				INFOPLIST_KEY_UILaunchStoryboardName = LaunchScreen;
				INFOPLIST_KEY_UISupportedInterfaceOrientations = UIInterfaceOrientationPortrait;
				INFOPLIST_KEY_UISupportedInterfaceOrientations_iPad = "UIInterfaceOrientationLandscapeLeft UIInterfaceOrientationLandscapeRight UIInterfaceOrientationPortrait UIInterfaceOrientationPortraitUpsideDown";
				IPHONEOS_DEPLOYMENT_TARGET = 15.6;
				LD_RUNPATH_SEARCH_PATHS = (
					"$(inherited)",
					"@executable_path/Frameworks",
				);
				MARKETING_VERSION = 1.0;
				PRODUCT_BUNDLE_IDENTIFIER = com.vusalnuriyev.Forma;
				PRODUCT_NAME = "$(TARGET_NAME)";
				SUPPORTED_PLATFORMS = "iphoneos iphonesimulator";
				SUPPORTS_MACCATALYST = NO;
				SUPPORTS_MAC_DESIGNED_FOR_IPHONE_IPAD = NO;
				SUPPORTS_XR_DESIGNED_FOR_IPHONE_IPAD = NO;
				SWIFT_EMIT_LOC_STRINGS = YES;
				SWIFT_VERSION = 5.0;
				TARGETED_DEVICE_FAMILY = 1;
			};
			name = Debug;
		};
		699558972F2104470079D030 /* Release */ = {
			isa = XCBuildConfiguration;
			buildSettings = {
				ASSETCATALOG_COMPILER_APPICON_NAME = AppIcon;
				ASSETCATALOG_COMPILER_GLOBAL_ACCENT_COLOR_NAME = AccentColor;
				CODE_SIGN_STYLE = Automatic;
				CURRENT_PROJECT_VERSION = 1;
				DEVELOPMENT_TEAM = 22TLGNX39J;
				GENERATE_INFOPLIST_FILE = YES;
				INFOPLIST_FILE = Forma/Info.plist;
				INFOPLIST_KEY_CFBundleDisplayName = Forma;
				INFOPLIST_KEY_LSApplicationCategoryType = "public.app-category.productivity";
				INFOPLIST_KEY_UIApplicationSupportsIndirectInputEvents = YES;
				INFOPLIST_KEY_UILaunchStoryboardName = LaunchScreen;
				INFOPLIST_KEY_UISupportedInterfaceOrientations = UIInterfaceOrientationPortrait;
				INFOPLIST_KEY_UISupportedInterfaceOrientations_iPad = "UIInterfaceOrientationLandscapeLeft UIInterfaceOrientationLandscapeRight UIInterfaceOrientationPortrait UIInterfaceOrientationPortraitUpsideDown";
				IPHONEOS_DEPLOYMENT_TARGET = 15.6;
				LD_RUNPATH_SEARCH_PATHS = (
					"$(inherited)",
					"@executable_path/Frameworks",
				);
				MARKETING_VERSION = 1.0;
				PRODUCT_BUNDLE_IDENTIFIER = com.vusalnuriyev.Forma;
				PRODUCT_NAME = "$(TARGET_NAME)";
				SUPPORTED_PLATFORMS = "iphoneos iphonesimulator";
				SUPPORTS_MACCATALYST = NO;
				SUPPORTS_MAC_DESIGNED_FOR_IPHONE_IPAD = NO;
				SUPPORTS_XR_DESIGNED_FOR_IPHONE_IPAD = NO;
				SWIFT_EMIT_LOC_STRINGS = YES;
				SWIFT_VERSION = 5.0;
				TARGETED_DEVICE_FAMILY = 1;
			};
			name = Release;
		};
		699558982F2104470079D030 /* Debug */ = {
			isa = XCBuildConfiguration;
			buildSettings = {
				ALWAYS_SEARCH_USER_PATHS = NO;
				ASSETCATALOG_COMPILER_GENERATE_SWIFT_ASSET_SYMBOL_EXTENSIONS = YES;
				CLANG_ANALYZER_NONNULL = YES;
				CLANG_ANALYZER_NUMBER_OBJECT_CONVERSION = YES_AGGRESSIVE;
				CLANG_CXX_LANGUAGE_STANDARD = "gnu++20";
				CLANG_ENABLE_MODULES = YES;
				CLANG_ENABLE_OBJC_ARC = YES;
				CLANG_ENABLE_OBJC_WEAK = YES;
				CLANG_WARN_BLOCK_CAPTURE_AUTORELEASING = YES;
				CLANG_WARN_BOOL_CONVERSION = YES;
				CLANG_WARN_COMMA = YES;
				CLANG_WARN_CONSTANT_CONVERSION = YES;
				CLANG_WARN_DEPRECATED_OBJC_IMPLEMENTATIONS = YES;
				CLANG_WARN_DIRECT_OBJC_ISA_USAGE = YES_ERROR;
				CLANG_WARN_DOCUMENTATION_COMMENTS = YES;
				CLANG_WARN_EMPTY_BODY = YES;
				CLANG_WARN_ENUM_CONVERSION = YES;
				CLANG_WARN_INFINITE_RECURSION = YES;
				CLANG_WARN_INT_CONVERSION = YES;
				CLANG_WARN_NON_LITERAL_NULL_CONVERSION = YES;
				CLANG_WARN_OBJC_IMPLICIT_RETAIN_SELF = YES;
				CLANG_WARN_OBJC_LITERAL_CONVERSION = YES;
				CLANG_WARN_OBJC_ROOT_CLASS = YES_ERROR;
				CLANG_WARN_QUOTED_INCLUDE_IN_FRAMEWORK_HEADER = YES;
				CLANG_WARN_RANGE_LOOP_ANALYSIS = YES;
				CLANG_WARN_STRICT_PROTOTYPES = YES;
				CLANG_WARN_SUSPICIOUS_MOVE = YES;
				CLANG_WARN_UNGUARDED_AVAILABILITY = YES_AGGRESSIVE;
				CLANG_WARN_UNREACHABLE_CODE = YES;
				CLANG_WARN__DUPLICATE_METHOD_MATCH = YES;
				COPY_PHASE_STRIP = NO;
				DEBUG_INFORMATION_FORMAT = dwarf;
				DEVELOPMENT_TEAM = 22TLGNX39J;
				ENABLE_STRICT_OBJC_MSGSEND = YES;
				ENABLE_TESTABILITY = YES;
				ENABLE_USER_SCRIPT_SANDBOXING = YES;
				GCC_C_LANGUAGE_STANDARD = gnu17;
				GCC_DYNAMIC_NO_PIC = NO;
				GCC_NO_COMMON_BLOCKS = YES;
				GCC_OPTIMIZATION_LEVEL = 0;
				GCC_PREPROCESSOR_DEFINITIONS = (
					"DEBUG=1",
					"$(inherited)",
				);
				GCC_WARN_64_TO_32_BIT_CONVERSION = YES;
				GCC_WARN_ABOUT_RETURN_TYPE = YES_ERROR;
				GCC_WARN_UNDECLARED_SELECTOR = YES;
				GCC_WARN_UNINITIALIZED_AUTOS = YES_AGGRESSIVE;
				GCC_WARN_UNUSED_FUNCTION = YES;
				GCC_WARN_UNUSED_VARIABLE = YES;
				IPHONEOS_DEPLOYMENT_TARGET = 18.5;
				LOCALIZATION_PREFERS_STRING_CATALOGS = YES;
				MTL_ENABLE_DEBUG_INFO = INCLUDE_SOURCE;
				MTL_FAST_MATH = YES;
				ONLY_ACTIVE_ARCH = YES;
				SDKROOT = iphoneos;
				SWIFT_ACTIVE_COMPILATION_CONDITIONS = "DEBUG $(inherited)";
				SWIFT_OPTIMIZATION_LEVEL = "-Onone";
			};
			name = Debug;
		};
		699558992F2104470079D030 /* Release */ = {
			isa = XCBuildConfiguration;
			buildSettings = {
				ALWAYS_SEARCH_USER_PATHS = NO;
				ASSETCATALOG_COMPILER_GENERATE_SWIFT_ASSET_SYMBOL_EXTENSIONS = YES;
				CLANG_ANALYZER_NONNULL = YES;
				CLANG_ANALYZER_NUMBER_OBJECT_CONVERSION = YES_AGGRESSIVE;
				CLANG_CXX_LANGUAGE_STANDARD = "gnu++20";
				CLANG_ENABLE_MODULES = YES;
				CLANG_ENABLE_OBJC_ARC = YES;
				CLANG_ENABLE_OBJC_WEAK = YES;
				CLANG_WARN_BLOCK_CAPTURE_AUTORELEASING = YES;
				CLANG_WARN_BOOL_CONVERSION = YES;
				CLANG_WARN_COMMA = YES;
				CLANG_WARN_CONSTANT_CONVERSION = YES;
				CLANG_WARN_DEPRECATED_OBJC_IMPLEMENTATIONS = YES;
				CLANG_WARN_DIRECT_OBJC_ISA_USAGE = YES_ERROR;
				CLANG_WARN_DOCUMENTATION_COMMENTS = YES;
				CLANG_WARN_EMPTY_BODY = YES;
				CLANG_WARN_ENUM_CONVERSION = YES;
				CLANG_WARN_INFINITE_RECURSION = YES;
				CLANG_WARN_INT_CONVERSION = YES;
				CLANG_WARN_NON_LITERAL_NULL_CONVERSION = YES;
				CLANG_WARN_OBJC_IMPLICIT_RETAIN_SELF = YES;
				CLANG_WARN_OBJC_LITERAL_CONVERSION = YES;
				CLANG_WARN_OBJC_ROOT_CLASS = YES_ERROR;
				CLANG_WARN_QUOTED_INCLUDE_IN_FRAMEWORK_HEADER = YES;
				CLANG_WARN_RANGE_LOOP_ANALYSIS = YES;
				CLANG_WARN_STRICT_PROTOTYPES = YES;
				CLANG_WARN_SUSPICIOUS_MOVE = YES;
				CLANG_WARN_UNGUARDED_AVAILABILITY = YES_AGGRESSIVE;
				CLANG_WARN_UNREACHABLE_CODE = YES;
				CLANG_WARN__DUPLICATE_METHOD_MATCH = YES;
				COPY_PHASE_STRIP = NO;
				DEBUG_INFORMATION_FORMAT = "dwarf-with-dsym";
				DEVELOPMENT_TEAM = 22TLGNX39J;
				ENABLE_NS_ASSERTIONS = NO;
				ENABLE_STRICT_OBJC_MSGSEND = YES;
				ENABLE_USER_SCRIPT_SANDBOXING = YES;
				GCC_C_LANGUAGE_STANDARD = gnu17;
				GCC_NO_COMMON_BLOCKS = YES;
				GCC_WARN_64_TO_32_BIT_CONVERSION = YES;
				GCC_WARN_ABOUT_RETURN_TYPE = YES_ERROR;
				GCC_WARN_UNDECLARED_SELECTOR = YES;
				GCC_WARN_UNINITIALIZED_AUTOS = YES_AGGRESSIVE;
				GCC_WARN_UNUSED_FUNCTION = YES;
				GCC_WARN_UNUSED_VARIABLE = YES;
				IPHONEOS_DEPLOYMENT_TARGET = 18.5;
				LOCALIZATION_PREFERS_STRING_CATALOGS = YES;
				MTL_ENABLE_DEBUG_INFO = NO;
				MTL_FAST_MATH = YES;
				SDKROOT = iphoneos;
				SWIFT_COMPILATION_MODE = wholemodule;
				VALIDATE_PRODUCT = YES;
			};
			name = Release;
		};
/* End XCBuildConfiguration section */

/* Begin XCConfigurationList section */
		6995587D2F2104450079D030 /* Build configuration list for PBXProject "Forma" */ = {
			isa = XCConfigurationList;
			buildConfigurations = (
				699558982F2104470079D030 /* Debug */,
				699558992F2104470079D030 /* Release */,
			);
			defaultConfigurationIsVisible = 0;
			defaultConfigurationName = Release;
		};
		699558952F2104470079D030 /* Build configuration list for PBXNativeTarget "Forma" */ = {
			isa = XCConfigurationList;
			buildConfigurations = (
				699558962F2104470079D030 /* Debug */,
				699558972F2104470079D030 /* Release */,
			);
			defaultConfigurationIsVisible = 0;
			defaultConfigurationName = Release;
		};
/* End XCConfigurationList section */

/* Begin XCRemoteSwiftPackageReference section */
		695CA64A2F4064CB00C0A7E0 /* XCRemoteSwiftPackageReference "lottie-ios" */ = {
			isa = XCRemoteSwiftPackageReference;
			repositoryURL = "https://github.com/airbnb/lottie-ios";
			requirement = {
				kind = upToNextMajorVersion;
				minimumVersion = 4.6.0;
			};
		};
		6984DCA42F3A96E1002D0C7D /* XCRemoteSwiftPackageReference "GoogleSignIn-iOS" */ = {
			isa = XCRemoteSwiftPackageReference;
			repositoryURL = "https://github.com/google/GoogleSignIn-iOS";
			requirement = {
				kind = upToNextMajorVersion;
				minimumVersion = 9.1.0;
			};
		};
		6984DCA92F3A9711002D0C7D /* XCRemoteSwiftPackageReference "firebase-ios-sdk" */ = {
			isa = XCRemoteSwiftPackageReference;
			repositoryURL = "https://github.com/firebase/firebase-ios-sdk";
			requirement = {
				kind = upToNextMajorVersion;
				minimumVersion = 12.9.0;
			};
		};
/* End XCRemoteSwiftPackageReference section */

/* Begin XCSwiftPackageProductDependency section */
		695CA64B2F4064CB00C0A7E0 /* Lottie */ = {
			isa = XCSwiftPackageProductDependency;
			package = 695CA64A2F4064CB00C0A7E0 /* XCRemoteSwiftPackageReference "lottie-ios" */;
			productName = Lottie;
		};
		6984DCA52F3A96E1002D0C7D /* GoogleSignIn */ = {
			isa = XCSwiftPackageProductDependency;
			package = 6984DCA42F3A96E1002D0C7D /* XCRemoteSwiftPackageReference "GoogleSignIn-iOS" */;
			productName = GoogleSignIn;
		};
		6984DCA72F3A96E1002D0C7D /* GoogleSignInSwift */ = {
			isa = XCSwiftPackageProductDependency;
			package = 6984DCA42F3A96E1002D0C7D /* XCRemoteSwiftPackageReference "GoogleSignIn-iOS" */;
			productName = GoogleSignInSwift;
		};
		6984DCAA2F3A9711002D0C7D /* FirebaseAI */ = {
			isa = XCSwiftPackageProductDependency;
			package = 6984DCA92F3A9711002D0C7D /* XCRemoteSwiftPackageReference "firebase-ios-sdk" */;
			productName = FirebaseAI;
		};
		6984DCAC2F3A9711002D0C7D /* FirebaseAnalytics */ = {
			isa = XCSwiftPackageProductDependency;
			package = 6984DCA92F3A9711002D0C7D /* XCRemoteSwiftPackageReference "firebase-ios-sdk" */;
			productName = FirebaseAnalytics;
		};
		6984DCAE2F3A9711002D0C7D /* FirebaseAuth */ = {
			isa = XCSwiftPackageProductDependency;
			package = 6984DCA92F3A9711002D0C7D /* XCRemoteSwiftPackageReference "firebase-ios-sdk" */;
			productName = FirebaseAuth;
		};
		6984DCB02F3A9711002D0C7D /* FirebaseCore */ = {
			isa = XCSwiftPackageProductDependency;
			package = 6984DCA92F3A9711002D0C7D /* XCRemoteSwiftPackageReference "firebase-ios-sdk" */;
			productName = FirebaseCore;
		};
		6984DCB22F3A9711002D0C7D /* FirebaseCrashlytics */ = {
			isa = XCSwiftPackageProductDependency;
			package = 6984DCA92F3A9711002D0C7D /* XCRemoteSwiftPackageReference "firebase-ios-sdk" */;
			productName = FirebaseCrashlytics;
		};
		6984DCB42F3A9711002D0C7D /* FirebaseDatabase */ = {
			isa = XCSwiftPackageProductDependency;
			package = 6984DCA92F3A9711002D0C7D /* XCRemoteSwiftPackageReference "firebase-ios-sdk" */;
			productName = FirebaseDatabase;
		};
		6984DCB62F3A9711002D0C7D /* FirebaseFirestore */ = {
			isa = XCSwiftPackageProductDependency;
			package = 6984DCA92F3A9711002D0C7D /* XCRemoteSwiftPackageReference "firebase-ios-sdk" */;
			productName = FirebaseFirestore;
		};
		6984DCB82F3A9711002D0C7D /* FirebaseStorage */ = {
			isa = XCSwiftPackageProductDependency;
			package = 6984DCA92F3A9711002D0C7D /* XCRemoteSwiftPackageReference "firebase-ios-sdk" */;
			productName = FirebaseStorage;
		};
/* End XCSwiftPackageProductDependency section */
	};
	rootObject = 6995587A2F2104450079D030 /* Project object */;
}
